Microsoft Visual Studio Solution File, Format Version 12.00
# Visual Studio 15
VisualStudioVersion = 15.0.27004.2009
MinimumVisualStudioVersion = 10.0.40219.1
Project("{2150E333-8FDC-42A3-9474-1A3956D46DE8}") = "CryEngine", "CryEngine", "{95E6869F-719F-3C92-9878-174C208A4C9D}"
EndProject
Project("{2150E333-8FDC-42A3-9474-1A3956D46DE8}") = "CryExtensions", "CryExtensions", "{04F06960-CA41-3598-96A0-21AE3E63138A}"
EndProject
Project("{2150E333-8FDC-42A3-9474-1A3956D46DE8}") = "Launcher", "Launcher", "{2629BCB9-F4C3-39D5-8A51-7EC36ACE9B05}"
EndProject
Project("{2150E333-8FDC-42A3-9474-1A3956D46DE8}") = "Libs", "Libs", "{2563A04E-6076-34B6-B8A0-C7DD6D85BB22}"
EndProject
Project("{2150E333-8FDC-42A3-9474-1A3956D46DE8}") = "GameDll", "GameDll", "{5192B1EA-7DE7-3D7A-A60D-2E29F0DF3AD0}"
EndProject
Project("{8BC9CEB8-8B4A-11D0-8D11-00A0C91BC942}") = "Cry3DEngine", "Code\CryEngine\Cry3DEngine\Cry3DEngine.vcxproj", "{48D299B4-D68E-321C-B53B-66E7151E357E}"
	ProjectSection(ProjectDependencies) = postProject
		{46764FD3-872E-3E3D-9174-E4358BC7C58B} = {46764FD3-872E-3E3D-9174-E4358BC7C58B}
	EndProjectSection
EndProject
Project("{8BC9CEB8-8B4A-11D0-8D11-00A0C91BC942}") = "CryAISystem", "Code\CryEngine\CryAISystem\CryAISystem.vcxproj", "{D999B0DF-3CEC-3A41-94D9-BBA4DC326C96}"
EndProject
Project("{8BC9CEB8-8B4A-11D0-8D11-00A0C91BC942}") = "CryAction", "Code\CryEngine\CryAction\CryAction.vcxproj", "{E4172B9B-F0ED-3214-ABC9-375A454FD231}"
	ProjectSection(ProjectDependencies) = postProject
		{194F892D-84D3-3989-AFC9-39B9FE3213D3} = {194F892D-84D3-3989-AFC9-39B9FE3213D3}
	EndProjectSection
EndProject
Project("{8BC9CEB8-8B4A-11D0-8D11-00A0C91BC942}") = "CryAnimation", "Code\CryEngine\CryAnimation\CryAnimation.vcxproj", "{1A54CB65-DF3B-3CFB-9327-E6ECB329FC7C}"
EndProject
Project("{8BC9CEB8-8B4A-11D0-8D11-00A0C91BC942}") = "CryAudioSystem", "Code\CryEngine\CryAudioSystem\CryAudioSystem.vcxproj", "{2836CC01-9D52-3CEC-8CEB-9BC239C8EC22}"
EndProject
Project("{8BC9CEB8-8B4A-11D0-8D11-00A0C91BC942}") = "CryDynamicResponseSystem", "Code\CryEngine\CryDynamicResponseSystem\CryDynamicResponseSystem.vcxproj", "{95883151-809E-3E1F-8E9A-1E4CD3AB1374}"
EndProject
Project("{8BC9CEB8-8B4A-11D0-8D11-00A0C91BC942}") = "CryEntitySystem", "Code\CryEngine\CryEntitySystem\CryEntitySystem.vcxproj", "{D5139645-0B87-3898-9128-59F9DF70D10C}"
EndProject
Project("{8BC9CEB8-8B4A-11D0-8D11-00A0C91BC942}") = "CryFont", "Code\CryEngine\CryFont\CryFont.vcxproj", "{4FAF69E0-BBDF-3A69-A093-59BB98CFEE37}"
	ProjectSection(ProjectDependencies) = postProject
		{24C68825-6540-3C0B-AA6F-8737FAEE3EB2} = {24C68825-6540-3C0B-AA6F-8737FAEE3EB2}
	EndProjectSection
EndProject
Project("{8BC9CEB8-8B4A-11D0-8D11-00A0C91BC942}") = "CryInput", "Code\CryEngine\CryInput\CryInput.vcxproj", "{45736497-6D52-34A6-B6A9-55923A9B69B2}"
EndProject
Project("{8BC9CEB8-8B4A-11D0-8D11-00A0C91BC942}") = "CryLiveCreate", "Code\CryEngine\CryLiveCreate\CryLiveCreate.vcxproj", "{4A22AA1A-1EB5-3A9B-95CF-E5EDB27EBB2E}"
EndProject
Project("{8BC9CEB8-8B4A-11D0-8D11-00A0C91BC942}") = "CryLobby", "Code\CryExtensions\CryLobby\Module\CryLobby.vcxproj", "{A333E891-0260-3FCE-8A8A-943275BB629E}"
EndProject
Project("{8BC9CEB8-8B4A-11D0-8D11-00A0C91BC942}") = "CryMovie", "Code\CryEngine\CryMovie\CryMovie.vcxproj", "{94EF89FB-E6D4-3824-9301-55E2949A7329}"
EndProject
Project("{8BC9CEB8-8B4A-11D0-8D11-00A0C91BC942}") = "CryNetwork", "Code\CryEngine\CryNetwork\CryNetwork.vcxproj", "{E3F30317-EED7-3EAA-A1AF-824110535545}"
	ProjectSection(ProjectDependencies) = postProject
		{E93C0949-62D1-3EBB-8D51-45418241B4B7} = {E93C0949-62D1-3EBB-8D51-45418241B4B7}
	EndProjectSection
EndProject
Project("{8BC9CEB8-8B4A-11D0-8D11-00A0C91BC942}") = "CryPhysics", "Code\CryEngine\CryPhysics\CryPhysics.vcxproj", "{03030C41-AAC6-36C6-BFDC-54C8B413C5C2}"
EndProject
Project("{8BC9CEB8-8B4A-11D0-8D11-00A0C91BC942}") = "CryRenderD3D11", "Code\CryEngine\RenderDll\XRenderD3D9\CryRenderD3D11.vcxproj", "{7A83EE4D-DA63-3098-9971-1D69B82865D2}"
	ProjectSection(ProjectDependencies) = postProject
		{46764FD3-872E-3E3D-9174-E4358BC7C58B} = {46764FD3-872E-3E3D-9174-E4358BC7C58B}
		{CD6ABC53-053A-3E51-8699-596281578722} = {CD6ABC53-053A-3E51-8699-596281578722}
		{684B8905-7A96-390C-BA2B-3E2A56406CFB} = {684B8905-7A96-390C-BA2B-3E2A56406CFB}
		{20A4944F-A785-35D8-9CF9-FB527E04AC4C} = {20A4944F-A785-35D8-9CF9-FB527E04AC4C}
	EndProjectSection
EndProject
Project("{8BC9CEB8-8B4A-11D0-8D11-00A0C91BC942}") = "CryScriptSystem", "Code\CryEngine\CryScriptSystem\CryScriptSystem.vcxproj", "{9BC27798-C83F-3515-92F0-5E796989EA2A}"
	ProjectSection(ProjectDependencies) = postProject
		{A497C785-3A16-33CF-BBA6-46C4B63F6F9D} = {A497C785-3A16-33CF-BBA6-46C4B63F6F9D}
	EndProjectSection
EndProject
Project("{8BC9CEB8-8B4A-11D0-8D11-00A0C91BC942}") = "CrySystem", "Code\CryEngine\CrySystem\CrySystem.vcxproj", "{C6C00F71-C594-3DD7-8639-67C474736444}"
	ProjectSection(ProjectDependencies) = postProject
		{8C53EC39-4B27-3DE3-998F-C9D0442EB9FF} = {8C53EC39-4B27-3DE3-998F-C9D0442EB9FF}
		{2F5A2AA2-13CC-31F1-8572-EE9994BD3B15} = {2F5A2AA2-13CC-31F1-8572-EE9994BD3B15}
		{46764FD3-872E-3E3D-9174-E4358BC7C58B} = {46764FD3-872E-3E3D-9174-E4358BC7C58B}
		{194F892D-84D3-3989-AFC9-39B9FE3213D3} = {194F892D-84D3-3989-AFC9-39B9FE3213D3}
		{E28642A7-234C-363A-8C0B-1C1379085A32} = {E28642A7-234C-363A-8C0B-1C1379085A32}
		{D8279431-B88C-3730-8EB6-D2B4BABD184E} = {D8279431-B88C-3730-8EB6-D2B4BABD184E}
		{20A4944F-A785-35D8-9CF9-FB527E04AC4C} = {20A4944F-A785-35D8-9CF9-FB527E04AC4C}
	EndProjectSection
EndProject
Project("{8BC9CEB8-8B4A-11D0-8D11-00A0C91BC942}") = "DedicatedLauncher", "Code\Launcher\DedicatedLauncher\DedicatedLauncher.vcxproj", "{E1E843EF-899C-3368-83D4-D8B716B8711A}"
	ProjectSection(ProjectDependencies) = postProject
		{2F5A2AA2-13CC-31F1-8572-EE9994BD3B15} = {2F5A2AA2-13CC-31F1-8572-EE9994BD3B15}
	EndProjectSection
EndProject
Project("{8BC9CEB8-8B4A-11D0-8D11-00A0C91BC942}") = "LuaCompiler", "Code\Libs\lua\LuaCompiler.vcxproj", "{D698CC0F-82D2-3E54-A68E-E5078A9C4DCE}"
	ProjectSection(ProjectDependencies) = postProject
		{A497C785-3A16-33CF-BBA6-46C4B63F6F9D} = {A497C785-3A16-33CF-BBA6-46C4B63F6F9D}
	EndProjectSection
EndProject
Project("{8BC9CEB8-8B4A-11D0-8D11-00A0C91BC942}") = "WindowsLauncher", "Code\Launcher\WindowsLauncher\WindowsLauncher.vcxproj", "{E0EA0459-E31D-347E-BABE-1DD38B017201}"
	ProjectSection(ProjectDependencies) = postProject
		{2F5A2AA2-13CC-31F1-8572-EE9994BD3B15} = {2F5A2AA2-13CC-31F1-8572-EE9994BD3B15}
	EndProjectSection
EndProject
Project("{8BC9CEB8-8B4A-11D0-8D11-00A0C91BC942}") = "bigdigits", "Code\Libs\bigdigits\bigdigits.vcxproj", "{E93C0949-62D1-3EBB-8D51-45418241B4B7}"
EndProject
Project("{8BC9CEB8-8B4A-11D0-8D11-00A0C91BC942}") = "expat", "Code\Libs\expat\expat.vcxproj", "{8C53EC39-4B27-3DE3-998F-C9D0442EB9FF}"
EndProject
Project("{8BC9CEB8-8B4A-11D0-8D11-00A0C91BC942}") = "freetype", "Code\Libs\freetype\freetype.vcxproj", "{24C68825-6540-3C0B-AA6F-8737FAEE3EB2}"
EndProject
Project("{8BC9CEB8-8B4A-11D0-8D11-00A0C91BC942}") = "jsmn", "Code\Libs\jsmn\jsmn.vcxproj", "{2F5A2AA2-13CC-31F1-8572-EE9994BD3B15}"
EndProject
Project("{8BC9CEB8-8B4A-11D0-8D11-00A0C91BC942}") = "lua", "Code\Libs\lua\lua.vcxproj", "{A497C785-3A16-33CF-BBA6-46C4B63F6F9D}"
EndProject
Project("{8BC9CEB8-8B4A-11D0-8D11-00A0C91BC942}") = "lz4", "Code\Libs\lz4\lz4.vcxproj", "{46764FD3-872E-3E3D-9174-E4358BC7C58B}"
EndProject
Project("{8BC9CEB8-8B4A-11D0-8D11-00A0C91BC942}") = "lzma", "Code\Libs\lzma\lzma.vcxproj", "{CD6ABC53-053A-3E51-8699-596281578722}"
EndProject
Project("{8BC9CEB8-8B4A-11D0-8D11-00A0C91BC942}") = "lzss", "Code\Libs\lzss\lzss.vcxproj", "{684B8905-7A96-390C-BA2B-3E2A56406CFB}"
EndProject
Project("{8BC9CEB8-8B4A-11D0-8D11-00A0C91BC942}") = "md5", "Code\Libs\md5\md5.vcxproj", "{194F892D-84D3-3989-AFC9-39B9FE3213D3}"
EndProject
Project("{8BC9CEB8-8B4A-11D0-8D11-00A0C91BC942}") = "prt", "Code\Libs\prt\prt.vcxproj", "{C4056675-BCEA-372E-9AA0-8677870D1287}"
	ProjectSection(ProjectDependencies) = postProject
		{82D22322-BBB8-3F22-8E2C-781BB1B753E5} = {82D22322-BBB8-3F22-8E2C-781BB1B753E5}
		{20A4944F-A785-35D8-9CF9-FB527E04AC4C} = {20A4944F-A785-35D8-9CF9-FB527E04AC4C}
	EndProjectSection
EndProject
Project("{8BC9CEB8-8B4A-11D0-8D11-00A0C91BC942}") = "python27", "Code\Libs\python\python27.vcxproj", "{DD4D982E-813D-3E86-A5B0-FC743B76D68B}"
	ProjectSection(ProjectDependencies) = postProject
		{8C53EC39-4B27-3DE3-998F-C9D0442EB9FF} = {8C53EC39-4B27-3DE3-998F-C9D0442EB9FF}
		{20A4944F-A785-35D8-9CF9-FB527E04AC4C} = {20A4944F-A785-35D8-9CF9-FB527E04AC4C}
	EndProjectSection
EndProject
Project("{8BC9CEB8-8B4A-11D0-8D11-00A0C91BC942}") = "strophe", "Code\Libs\strophe\strophe.vcxproj", "{8FA47EFC-5508-36B4-B5FD-3CE3A7152ADD}"
	ProjectSection(ProjectDependencies) = postProject
		{8C53EC39-4B27-3DE3-998F-C9D0442EB9FF} = {8C53EC39-4B27-3DE3-998F-C9D0442EB9FF}
	EndProjectSection
EndProject
Project("{8BC9CEB8-8B4A-11D0-8D11-00A0C91BC942}") = "tiff", "Code\Libs\tiff\tiff.vcxproj", "{82D22322-BBB8-3F22-8E2C-781BB1B753E5}"
	ProjectSection(ProjectDependencies) = postProject
		{20A4944F-A785-35D8-9CF9-FB527E04AC4C} = {20A4944F-A785-35D8-9CF9-FB527E04AC4C}
	EndProjectSection
EndProject
Project("{8BC9CEB8-8B4A-11D0-8D11-00A0C91BC942}") = "tomcrypt", "Code\Libs\tomcrypt\tomcrypt.vcxproj", "{E28642A7-234C-363A-8C0B-1C1379085A32}"
EndProject
Project("{8BC9CEB8-8B4A-11D0-8D11-00A0C91BC942}") = "vco", "Code\Libs\vco\vco.vcxproj", "{FA0837B3-0F07-33CF-A903-711A0297B44E}"
EndProject
Project("{8BC9CEB8-8B4A-11D0-8D11-00A0C91BC942}") = "yasli", "Code\Libs\yasli\yasli.vcxproj", "{D8279431-B88C-3730-8EB6-D2B4BABD184E}"
EndProject
Project("{8BC9CEB8-8B4A-11D0-8D11-00A0C91BC942}") = "zlib", "Code\Libs\zlib\zlib.vcxproj", "{20A4944F-A785-35D8-9CF9-FB527E04AC4C}"
EndProject
Project("{8BC9CEB8-8B4A-11D0-8D11-00A0C91BC942}") = "CryGameBlank", "Code\GameDll\Blank\CryGameBlank.vcxproj", "{B9E261FC-6E52-3B6C-B63A-EA822D429F2C}"
EndProject
Project("{8BC9CEB8-8B4A-11D0-8D11-00A0C91BC942}") = "CryGameFirstPersonShooter", "Code\GameDll\FirstPersonShooter\CryGameFirstPersonShooter.vcxproj", "{DD3F48D4-EE91-36B5-9408-2BFECB86E011}"
EndProject
Project("{8BC9CEB8-8B4A-11D0-8D11-00A0C91BC942}") = "CryGameIsometricPathfinding", "Code\GameDll\IsometricPathfinding\CryGameIsometricPathfinding.vcxproj", "{BB5E2A26-ECBB-3128-A50D-F04B503E5B85}"
EndProject
Project("{8BC9CEB8-8B4A-11D0-8D11-00A0C91BC942}") = "CryGameRollingBall", "Code\GameDll\RollingBall\CryGameRollingBall.vcxproj", "{E33FB092-D593-383B-80C5-C79DA5BBF28F}"
EndProject
Project("{8BC9CEB8-8B4A-11D0-8D11-00A0C91BC942}") = "CryGameSidescroller", "Code\GameDll\Sidescroller\CryGameSidescroller.vcxproj", "{64E6C022-3F75-3D83-9704-8DA7A42EDB5A}"
EndProject
Project("{8BC9CEB8-8B4A-11D0-8D11-00A0C91BC942}") = "CryGameThirdPersonShooter", "Code\GameDll\ThirdPersonShooter\CryGameThirdPersonShooter.vcxproj", "{BB651AE7-FCF2-386D-93D0-740368B17B0D}"
EndProject
Project("{8BC9CEB8-8B4A-11D0-8D11-00A0C91BC942}") = "CryGameTopDownShooter", "Code\GameDll\TopDownShooter\CryGameTopDownShooter.vcxproj", "{31AE19E6-7B75-3892-822F-A62D2006F82E}"
EndProject
Project("{8BC9CEB8-8B4A-11D0-8D11-00A0C91BC942}") = "CryGameZero", "Code\GameDll\Zero\CryGameZero.vcxproj", "{8CDB5592-B4DB-37DE-BC7D-A557C34D7653}"
EndProject
Global
	GlobalSection(SolutionConfigurationPlatforms) = preSolution
		Debug|x64 = Debug|x64
		MinSizeRel|x64 = MinSizeRel|x64
		Profile|x64 = Profile|x64
		Release|x64 = Release|x64
		RelWithDebInfo|x64 = RelWithDebInfo|x64
	EndGlobalSection
	GlobalSection(ProjectConfigurationPlatforms) = postSolution
		{48D299B4-D68E-321C-B53B-66E7151E357E}.Debug|x64.ActiveCfg = Debug|x64
		{48D299B4-D68E-321C-B53B-66E7151E357E}.Debug|x64.Build.0 = Debug|x64
		{48D299B4-D68E-321C-B53B-66E7151E357E}.MinSizeRel|x64.ActiveCfg = Release|x64
		{48D299B4-D68E-321C-B53B-66E7151E357E}.MinSizeRel|x64.Build.0 = Release|x64
		{48D299B4-D68E-321C-B53B-66E7151E357E}.Profile|x64.ActiveCfg = Profile|x64
		{48D299B4-D68E-321C-B53B-66E7151E357E}.Profile|x64.Build.0 = Profile|x64
		{48D299B4-D68E-321C-B53B-66E7151E357E}.Release|x64.ActiveCfg = Release|x64
		{48D299B4-D68E-321C-B53B-66E7151E357E}.Release|x64.Build.0 = Release|x64
		{48D299B4-D68E-321C-B53B-66E7151E357E}.RelWithDebInfo|x64.ActiveCfg = Release|x64
		{48D299B4-D68E-321C-B53B-66E7151E357E}.RelWithDebInfo|x64.Build.0 = Release|x64
		{D999B0DF-3CEC-3A41-94D9-BBA4DC326C96}.Debug|x64.ActiveCfg = Debug|x64
		{D999B0DF-3CEC-3A41-94D9-BBA4DC326C96}.Debug|x64.Build.0 = Debug|x64
		{D999B0DF-3CEC-3A41-94D9-BBA4DC326C96}.MinSizeRel|x64.ActiveCfg = Release|x64
		{D999B0DF-3CEC-3A41-94D9-BBA4DC326C96}.MinSizeRel|x64.Build.0 = Release|x64
		{D999B0DF-3CEC-3A41-94D9-BBA4DC326C96}.Profile|x64.ActiveCfg = Profile|x64
		{D999B0DF-3CEC-3A41-94D9-BBA4DC326C96}.Profile|x64.Build.0 = Profile|x64
		{D999B0DF-3CEC-3A41-94D9-BBA4DC326C96}.Release|x64.ActiveCfg = Release|x64
		{D999B0DF-3CEC-3A41-94D9-BBA4DC326C96}.Release|x64.Build.0 = Release|x64
		{D999B0DF-3CEC-3A41-94D9-BBA4DC326C96}.RelWithDebInfo|x64.ActiveCfg = Release|x64
		{D999B0DF-3CEC-3A41-94D9-BBA4DC326C96}.RelWithDebInfo|x64.Build.0 = Release|x64
		{E4172B9B-F0ED-3214-ABC9-375A454FD231}.Debug|x64.ActiveCfg = Debug|x64
		{E4172B9B-F0ED-3214-ABC9-375A454FD231}.Debug|x64.Build.0 = Debug|x64
		{E4172B9B-F0ED-3214-ABC9-375A454FD231}.MinSizeRel|x64.ActiveCfg = Release|x64
		{E4172B9B-F0ED-3214-ABC9-375A454FD231}.MinSizeRel|x64.Build.0 = Release|x64
		{E4172B9B-F0ED-3214-ABC9-375A454FD231}.Profile|x64.ActiveCfg = Profile|x64
		{E4172B9B-F0ED-3214-ABC9-375A454FD231}.Profile|x64.Build.0 = Profile|x64
		{E4172B9B-F0ED-3214-ABC9-375A454FD231}.Release|x64.ActiveCfg = Release|x64
		{E4172B9B-F0ED-3214-ABC9-375A454FD231}.Release|x64.Build.0 = Release|x64
		{E4172B9B-F0ED-3214-ABC9-375A454FD231}.RelWithDebInfo|x64.ActiveCfg = Release|x64
		{E4172B9B-F0ED-3214-ABC9-375A454FD231}.RelWithDebInfo|x64.Build.0 = Release|x64
		{1A54CB65-DF3B-3CFB-9327-E6ECB329FC7C}.Debug|x64.ActiveCfg = Debug|x64
		{1A54CB65-DF3B-3CFB-9327-E6ECB329FC7C}.Debug|x64.Build.0 = Debug|x64
		{1A54CB65-DF3B-3CFB-9327-E6ECB329FC7C}.MinSizeRel|x64.ActiveCfg = Release|x64
		{1A54CB65-DF3B-3CFB-9327-E6ECB329FC7C}.MinSizeRel|x64.Build.0 = Release|x64
		{1A54CB65-DF3B-3CFB-9327-E6ECB329FC7C}.Profile|x64.ActiveCfg = Profile|x64
		{1A54CB65-DF3B-3CFB-9327-E6ECB329FC7C}.Profile|x64.Build.0 = Profile|x64
		{1A54CB65-DF3B-3CFB-9327-E6ECB329FC7C}.Release|x64.ActiveCfg = Release|x64
		{1A54CB65-DF3B-3CFB-9327-E6ECB329FC7C}.Release|x64.Build.0 = Release|x64
		{1A54CB65-DF3B-3CFB-9327-E6ECB329FC7C}.RelWithDebInfo|x64.ActiveCfg = Release|x64
		{1A54CB65-DF3B-3CFB-9327-E6ECB329FC7C}.RelWithDebInfo|x64.Build.0 = Release|x64
		{2836CC01-9D52-3CEC-8CEB-9BC239C8EC22}.Debug|x64.ActiveCfg = Debug|x64
		{2836CC01-9D52-3CEC-8CEB-9BC239C8EC22}.Debug|x64.Build.0 = Debug|x64
		{2836CC01-9D52-3CEC-8CEB-9BC239C8EC22}.MinSizeRel|x64.ActiveCfg = Release|x64
		{2836CC01-9D52-3CEC-8CEB-9BC239C8EC22}.MinSizeRel|x64.Build.0 = Release|x64
		{2836CC01-9D52-3CEC-8CEB-9BC239C8EC22}.Profile|x64.ActiveCfg = Profile|x64
		{2836CC01-9D52-3CEC-8CEB-9BC239C8EC22}.Profile|x64.Build.0 = Profile|x64
		{2836CC01-9D52-3CEC-8CEB-9BC239C8EC22}.Release|x64.ActiveCfg = Release|x64
		{2836CC01-9D52-3CEC-8CEB-9BC239C8EC22}.Release|x64.Build.0 = Release|x64
		{2836CC01-9D52-3CEC-8CEB-9BC239C8EC22}.RelWithDebInfo|x64.ActiveCfg = Release|x64
		{2836CC01-9D52-3CEC-8CEB-9BC239C8EC22}.RelWithDebInfo|x64.Build.0 = Release|x64
		{95883151-809E-3E1F-8E9A-1E4CD3AB1374}.Debug|x64.ActiveCfg = Debug|x64
		{95883151-809E-3E1F-8E9A-1E4CD3AB1374}.Debug|x64.Build.0 = Debug|x64
		{95883151-809E-3E1F-8E9A-1E4CD3AB1374}.MinSizeRel|x64.ActiveCfg = Release|x64
		{95883151-809E-3E1F-8E9A-1E4CD3AB1374}.MinSizeRel|x64.Build.0 = Release|x64
		{95883151-809E-3E1F-8E9A-1E4CD3AB1374}.Profile|x64.ActiveCfg = Profile|x64
		{95883151-809E-3E1F-8E9A-1E4CD3AB1374}.Profile|x64.Build.0 = Profile|x64
		{95883151-809E-3E1F-8E9A-1E4CD3AB1374}.Release|x64.ActiveCfg = Release|x64
		{95883151-809E-3E1F-8E9A-1E4CD3AB1374}.Release|x64.Build.0 = Release|x64
		{95883151-809E-3E1F-8E9A-1E4CD3AB1374}.RelWithDebInfo|x64.ActiveCfg = Release|x64
		{95883151-809E-3E1F-8E9A-1E4CD3AB1374}.RelWithDebInfo|x64.Build.0 = Release|x64
		{D5139645-0B87-3898-9128-59F9DF70D10C}.Debug|x64.ActiveCfg = Debug|x64
		{D5139645-0B87-3898-9128-59F9DF70D10C}.Debug|x64.Build.0 = Debug|x64
		{D5139645-0B87-3898-9128-59F9DF70D10C}.MinSizeRel|x64.ActiveCfg = Release|x64
		{D5139645-0B87-3898-9128-59F9DF70D10C}.MinSizeRel|x64.Build.0 = Release|x64
		{D5139645-0B87-3898-9128-59F9DF70D10C}.Profile|x64.ActiveCfg = Profile|x64
		{D5139645-0B87-3898-9128-59F9DF70D10C}.Profile|x64.Build.0 = Profile|x64
		{D5139645-0B87-3898-9128-59F9DF70D10C}.Release|x64.ActiveCfg = Release|x64
		{D5139645-0B87-3898-9128-59F9DF70D10C}.Release|x64.Build.0 = Release|x64
		{D5139645-0B87-3898-9128-59F9DF70D10C}.RelWithDebInfo|x64.ActiveCfg = Release|x64
		{D5139645-0B87-3898-9128-59F9DF70D10C}.RelWithDebInfo|x64.Build.0 = Release|x64
		{4FAF69E0-BBDF-3A69-A093-59BB98CFEE37}.Debug|x64.ActiveCfg = Debug|x64
		{4FAF69E0-BBDF-3A69-A093-59BB98CFEE37}.Debug|x64.Build.0 = Debug|x64
		{4FAF69E0-BBDF-3A69-A093-59BB98CFEE37}.MinSizeRel|x64.ActiveCfg = Release|x64
		{4FAF69E0-BBDF-3A69-A093-59BB98CFEE37}.MinSizeRel|x64.Build.0 = Release|x64
		{4FAF69E0-BBDF-3A69-A093-59BB98CFEE37}.Profile|x64.ActiveCfg = Profile|x64
		{4FAF69E0-BBDF-3A69-A093-59BB98CFEE37}.Profile|x64.Build.0 = Profile|x64
		{4FAF69E0-BBDF-3A69-A093-59BB98CFEE37}.Release|x64.ActiveCfg = Release|x64
		{4FAF69E0-BBDF-3A69-A093-59BB98CFEE37}.Release|x64.Build.0 = Release|x64
		{4FAF69E0-BBDF-3A69-A093-59BB98CFEE37}.RelWithDebInfo|x64.ActiveCfg = Release|x64
		{4FAF69E0-BBDF-3A69-A093-59BB98CFEE37}.RelWithDebInfo|x64.Build.0 = Release|x64
		{45736497-6D52-34A6-B6A9-55923A9B69B2}.Debug|x64.ActiveCfg = Debug|x64
		{45736497-6D52-34A6-B6A9-55923A9B69B2}.Debug|x64.Build.0 = Debug|x64
		{45736497-6D52-34A6-B6A9-55923A9B69B2}.MinSizeRel|x64.ActiveCfg = Release|x64
		{45736497-6D52-34A6-B6A9-55923A9B69B2}.MinSizeRel|x64.Build.0 = Release|x64
		{45736497-6D52-34A6-B6A9-55923A9B69B2}.Profile|x64.ActiveCfg = Profile|x64
		{45736497-6D52-34A6-B6A9-55923A9B69B2}.Profile|x64.Build.0 = Profile|x64
		{45736497-6D52-34A6-B6A9-55923A9B69B2}.Release|x64.ActiveCfg = Release|x64
		{45736497-6D52-34A6-B6A9-55923A9B69B2}.Release|x64.Build.0 = Release|x64
		{45736497-6D52-34A6-B6A9-55923A9B69B2}.RelWithDebInfo|x64.ActiveCfg = Release|x64
		{45736497-6D52-34A6-B6A9-55923A9B69B2}.RelWithDebInfo|x64.Build.0 = Release|x64
		{4A22AA1A-1EB5-3A9B-95CF-E5EDB27EBB2E}.Debug|x64.ActiveCfg = Debug|x64
		{4A22AA1A-1EB5-3A9B-95CF-E5EDB27EBB2E}.Debug|x64.Build.0 = Debug|x64
		{4A22AA1A-1EB5-3A9B-95CF-E5EDB27EBB2E}.MinSizeRel|x64.ActiveCfg = Release|x64
		{4A22AA1A-1EB5-3A9B-95CF-E5EDB27EBB2E}.MinSizeRel|x64.Build.0 = Release|x64
		{4A22AA1A-1EB5-3A9B-95CF-E5EDB27EBB2E}.Profile|x64.ActiveCfg = Profile|x64
		{4A22AA1A-1EB5-3A9B-95CF-E5EDB27EBB2E}.Profile|x64.Build.0 = Profile|x64
		{4A22AA1A-1EB5-3A9B-95CF-E5EDB27EBB2E}.Release|x64.ActiveCfg = Release|x64
		{4A22AA1A-1EB5-3A9B-95CF-E5EDB27EBB2E}.Release|x64.Build.0 = Release|x64
		{4A22AA1A-1EB5-3A9B-95CF-E5EDB27EBB2E}.RelWithDebInfo|x64.ActiveCfg = Release|x64
		{4A22AA1A-1EB5-3A9B-95CF-E5EDB27EBB2E}.RelWithDebInfo|x64.Build.0 = Release|x64
		{A333E891-0260-3FCE-8A8A-943275BB629E}.Debug|x64.ActiveCfg = Debug|x64
		{A333E891-0260-3FCE-8A8A-943275BB629E}.Debug|x64.Build.0 = Debug|x64
		{A333E891-0260-3FCE-8A8A-943275BB629E}.MinSizeRel|x64.ActiveCfg = Release|x64
		{A333E891-0260-3FCE-8A8A-943275BB629E}.MinSizeRel|x64.Build.0 = Release|x64
		{A333E891-0260-3FCE-8A8A-943275BB629E}.Profile|x64.ActiveCfg = Profile|x64
		{A333E891-0260-3FCE-8A8A-943275BB629E}.Profile|x64.Build.0 = Profile|x64
		{A333E891-0260-3FCE-8A8A-943275BB629E}.Release|x64.ActiveCfg = Release|x64
		{A333E891-0260-3FCE-8A8A-943275BB629E}.Release|x64.Build.0 = Release|x64
		{A333E891-0260-3FCE-8A8A-943275BB629E}.RelWithDebInfo|x64.ActiveCfg = Release|x64
		{A333E891-0260-3FCE-8A8A-943275BB629E}.RelWithDebInfo|x64.Build.0 = Release|x64
		{94EF89FB-E6D4-3824-9301-55E2949A7329}.Debug|x64.ActiveCfg = Debug|x64
		{94EF89FB-E6D4-3824-9301-55E2949A7329}.Debug|x64.Build.0 = Debug|x64
		{94EF89FB-E6D4-3824-9301-55E2949A7329}.MinSizeRel|x64.ActiveCfg = Release|x64
		{94EF89FB-E6D4-3824-9301-55E2949A7329}.MinSizeRel|x64.Build.0 = Release|x64
		{94EF89FB-E6D4-3824-9301-55E2949A7329}.Profile|x64.ActiveCfg = Profile|x64
		{94EF89FB-E6D4-3824-9301-55E2949A7329}.Profile|x64.Build.0 = Profile|x64
		{94EF89FB-E6D4-3824-9301-55E2949A7329}.Release|x64.ActiveCfg = Release|x64
		{94EF89FB-E6D4-3824-9301-55E2949A7329}.Release|x64.Build.0 = Release|x64
		{94EF89FB-E6D4-3824-9301-55E2949A7329}.RelWithDebInfo|x64.ActiveCfg = Release|x64
		{94EF89FB-E6D4-3824-9301-55E2949A7329}.RelWithDebInfo|x64.Build.0 = Release|x64
		{E3F30317-EED7-3EAA-A1AF-824110535545}.Debug|x64.ActiveCfg = Debug|x64
		{E3F30317-EED7-3EAA-A1AF-824110535545}.Debug|x64.Build.0 = Debug|x64
		{E3F30317-EED7-3EAA-A1AF-824110535545}.MinSizeRel|x64.ActiveCfg = Release|x64
		{E3F30317-EED7-3EAA-A1AF-824110535545}.MinSizeRel|x64.Build.0 = Release|x64
		{E3F30317-EED7-3EAA-A1AF-824110535545}.Profile|x64.ActiveCfg = Profile|x64
		{E3F30317-EED7-3EAA-A1AF-824110535545}.Profile|x64.Build.0 = Profile|x64
		{E3F30317-EED7-3EAA-A1AF-824110535545}.Release|x64.ActiveCfg = Release|x64
		{E3F30317-EED7-3EAA-A1AF-824110535545}.Release|x64.Build.0 = Release|x64
		{E3F30317-EED7-3EAA-A1AF-824110535545}.RelWithDebInfo|x64.ActiveCfg = Release|x64
		{E3F30317-EED7-3EAA-A1AF-824110535545}.RelWithDebInfo|x64.Build.0 = Release|x64
		{03030C41-AAC6-36C6-BFDC-54C8B413C5C2}.Debug|x64.ActiveCfg = Debug|x64
		{03030C41-AAC6-36C6-BFDC-54C8B413C5C2}.Debug|x64.Build.0 = Debug|x64
		{03030C41-AAC6-36C6-BFDC-54C8B413C5C2}.MinSizeRel|x64.ActiveCfg = Release|x64
		{03030C41-AAC6-36C6-BFDC-54C8B413C5C2}.MinSizeRel|x64.Build.0 = Release|x64
		{03030C41-AAC6-36C6-BFDC-54C8B413C5C2}.Profile|x64.ActiveCfg = Profile|x64
		{03030C41-AAC6-36C6-BFDC-54C8B413C5C2}.Profile|x64.Build.0 = Profile|x64
		{03030C41-AAC6-36C6-BFDC-54C8B413C5C2}.Release|x64.ActiveCfg = Release|x64
		{03030C41-AAC6-36C6-BFDC-54C8B413C5C2}.Release|x64.Build.0 = Release|x64
		{03030C41-AAC6-36C6-BFDC-54C8B413C5C2}.RelWithDebInfo|x64.ActiveCfg = Release|x64
		{03030C41-AAC6-36C6-BFDC-54C8B413C5C2}.RelWithDebInfo|x64.Build.0 = Release|x64
		{7A83EE4D-DA63-3098-9971-1D69B82865D2}.Debug|x64.ActiveCfg = Debug|x64
		{7A83EE4D-DA63-3098-9971-1D69B82865D2}.Debug|x64.Build.0 = Debug|x64
		{7A83EE4D-DA63-3098-9971-1D69B82865D2}.MinSizeRel|x64.ActiveCfg = Release|x64
		{7A83EE4D-DA63-3098-9971-1D69B82865D2}.MinSizeRel|x64.Build.0 = Release|x64
		{7A83EE4D-DA63-3098-9971-1D69B82865D2}.Profile|x64.ActiveCfg = Profile|x64
		{7A83EE4D-DA63-3098-9971-1D69B82865D2}.Profile|x64.Build.0 = Profile|x64
		{7A83EE4D-DA63-3098-9971-1D69B82865D2}.Release|x64.ActiveCfg = Release|x64
		{7A83EE4D-DA63-3098-9971-1D69B82865D2}.Release|x64.Build.0 = Release|x64
		{7A83EE4D-DA63-3098-9971-1D69B82865D2}.RelWithDebInfo|x64.ActiveCfg = Release|x64
		{7A83EE4D-DA63-3098-9971-1D69B82865D2}.RelWithDebInfo|x64.Build.0 = Release|x64
		{9BC27798-C83F-3515-92F0-5E796989EA2A}.Debug|x64.ActiveCfg = Debug|x64
		{9BC27798-C83F-3515-92F0-5E796989EA2A}.Debug|x64.Build.0 = Debug|x64
		{9BC27798-C83F-3515-92F0-5E796989EA2A}.MinSizeRel|x64.ActiveCfg = Release|x64
		{9BC27798-C83F-3515-92F0-5E796989EA2A}.MinSizeRel|x64.Build.0 = Release|x64
		{9BC27798-C83F-3515-92F0-5E796989EA2A}.Profile|x64.ActiveCfg = Profile|x64
		{9BC27798-C83F-3515-92F0-5E796989EA2A}.Profile|x64.Build.0 = Profile|x64
		{9BC27798-C83F-3515-92F0-5E796989EA2A}.Release|x64.ActiveCfg = Release|x64
		{9BC27798-C83F-3515-92F0-5E796989EA2A}.Release|x64.Build.0 = Release|x64
		{9BC27798-C83F-3515-92F0-5E796989EA2A}.RelWithDebInfo|x64.ActiveCfg = Release|x64
		{9BC27798-C83F-3515-92F0-5E796989EA2A}.RelWithDebInfo|x64.Build.0 = Release|x64
		{C6C00F71-C594-3DD7-8639-67C474736444}.Debug|x64.ActiveCfg = Debug|x64
		{C6C00F71-C594-3DD7-8639-67C474736444}.Debug|x64.Build.0 = Debug|x64
		{C6C00F71-C594-3DD7-8639-67C474736444}.MinSizeRel|x64.ActiveCfg = Release|x64
		{C6C00F71-C594-3DD7-8639-67C474736444}.MinSizeRel|x64.Build.0 = Release|x64
		{C6C00F71-C594-3DD7-8639-67C474736444}.Profile|x64.ActiveCfg = Profile|x64
		{C6C00F71-C594-3DD7-8639-67C474736444}.Profile|x64.Build.0 = Profile|x64
		{C6C00F71-C594-3DD7-8639-67C474736444}.Release|x64.ActiveCfg = Release|x64
		{C6C00F71-C594-3DD7-8639-67C474736444}.Release|x64.Build.0 = Release|x64
		{C6C00F71-C594-3DD7-8639-67C474736444}.RelWithDebInfo|x64.ActiveCfg = Release|x64
		{C6C00F71-C594-3DD7-8639-67C474736444}.RelWithDebInfo|x64.Build.0 = Release|x64
		{E1E843EF-899C-3368-83D4-D8B716B8711A}.Debug|x64.ActiveCfg = Debug|x64
		{E1E843EF-899C-3368-83D4-D8B716B8711A}.Debug|x64.Build.0 = Debug|x64
		{E1E843EF-899C-3368-83D4-D8B716B8711A}.MinSizeRel|x64.ActiveCfg = Release|x64
		{E1E843EF-899C-3368-83D4-D8B716B8711A}.MinSizeRel|x64.Build.0 = Release|x64
		{E1E843EF-899C-3368-83D4-D8B716B8711A}.Profile|x64.ActiveCfg = Profile|x64
		{E1E843EF-899C-3368-83D4-D8B716B8711A}.Profile|x64.Build.0 = Profile|x64
		{E1E843EF-899C-3368-83D4-D8B716B8711A}.Release|x64.ActiveCfg = Release|x64
		{E1E843EF-899C-3368-83D4-D8B716B8711A}.Release|x64.Build.0 = Release|x64
		{E1E843EF-899C-3368-83D4-D8B716B8711A}.RelWithDebInfo|x64.ActiveCfg = Release|x64
		{E1E843EF-899C-3368-83D4-D8B716B8711A}.RelWithDebInfo|x64.Build.0 = Release|x64
		{D698CC0F-82D2-3E54-A68E-E5078A9C4DCE}.Debug|x64.ActiveCfg = Debug|x64
		{D698CC0F-82D2-3E54-A68E-E5078A9C4DCE}.Debug|x64.Build.0 = Debug|x64
		{D698CC0F-82D2-3E54-A68E-E5078A9C4DCE}.MinSizeRel|x64.ActiveCfg = Release|x64
		{D698CC0F-82D2-3E54-A68E-E5078A9C4DCE}.MinSizeRel|x64.Build.0 = Release|x64
		{D698CC0F-82D2-3E54-A68E-E5078A9C4DCE}.Profile|x64.ActiveCfg = Profile|x64
		{D698CC0F-82D2-3E54-A68E-E5078A9C4DCE}.Profile|x64.Build.0 = Profile|x64
		{D698CC0F-82D2-3E54-A68E-E5078A9C4DCE}.Release|x64.ActiveCfg = Release|x64
		{D698CC0F-82D2-3E54-A68E-E5078A9C4DCE}.Release|x64.Build.0 = Release|x64
		{D698CC0F-82D2-3E54-A68E-E5078A9C4DCE}.RelWithDebInfo|x64.ActiveCfg = Release|x64
		{D698CC0F-82D2-3E54-A68E-E5078A9C4DCE}.RelWithDebInfo|x64.Build.0 = Release|x64
		{E0EA0459-E31D-347E-BABE-1DD38B017201}.Debug|x64.ActiveCfg = Debug|x64
		{E0EA0459-E31D-347E-BABE-1DD38B017201}.Debug|x64.Build.0 = Debug|x64
		{E0EA0459-E31D-347E-BABE-1DD38B017201}.MinSizeRel|x64.ActiveCfg = Release|x64
		{E0EA0459-E31D-347E-BABE-1DD38B017201}.MinSizeRel|x64.Build.0 = Release|x64
		{E0EA0459-E31D-347E-BABE-1DD38B017201}.Profile|x64.ActiveCfg = Profile|x64
		{E0EA0459-E31D-347E-BABE-1DD38B017201}.Profile|x64.Build.0 = Profile|x64
		{E0EA0459-E31D-347E-BABE-1DD38B017201}.Release|x64.ActiveCfg = Release|x64
		{E0EA0459-E31D-347E-BABE-1DD38B017201}.Release|x64.Build.0 = Release|x64
		{E0EA0459-E31D-347E-BABE-1DD38B017201}.RelWithDebInfo|x64.ActiveCfg = Release|x64
		{E0EA0459-E31D-347E-BABE-1DD38B017201}.RelWithDebInfo|x64.Build.0 = Release|x64
		{E93C0949-62D1-3EBB-8D51-45418241B4B7}.Debug|x64.ActiveCfg = Debug|x64
		{E93C0949-62D1-3EBB-8D51-45418241B4B7}.Debug|x64.Build.0 = Debug|x64
		{E93C0949-62D1-3EBB-8D51-45418241B4B7}.MinSizeRel|x64.ActiveCfg = Release|x64
		{E93C0949-62D1-3EBB-8D51-45418241B4B7}.MinSizeRel|x64.Build.0 = Release|x64
		{E93C0949-62D1-3EBB-8D51-45418241B4B7}.Profile|x64.ActiveCfg = Profile|x64
		{E93C0949-62D1-3EBB-8D51-45418241B4B7}.Profile|x64.Build.0 = Profile|x64
		{E93C0949-62D1-3EBB-8D51-45418241B4B7}.Release|x64.ActiveCfg = Release|x64
		{E93C0949-62D1-3EBB-8D51-45418241B4B7}.Release|x64.Build.0 = Release|x64
		{E93C0949-62D1-3EBB-8D51-45418241B4B7}.RelWithDebInfo|x64.ActiveCfg = Release|x64
		{E93C0949-62D1-3EBB-8D51-45418241B4B7}.RelWithDebInfo|x64.Build.0 = Release|x64
		{8C53EC39-4B27-3DE3-998F-C9D0442EB9FF}.Debug|x64.ActiveCfg = Debug|x64
		{8C53EC39-4B27-3DE3-998F-C9D0442EB9FF}.Debug|x64.Build.0 = Debug|x64
		{8C53EC39-4B27-3DE3-998F-C9D0442EB9FF}.MinSizeRel|x64.ActiveCfg = Release|x64
		{8C53EC39-4B27-3DE3-998F-C9D0442EB9FF}.MinSizeRel|x64.Build.0 = Release|x64
		{8C53EC39-4B27-3DE3-998F-C9D0442EB9FF}.Profile|x64.ActiveCfg = Profile|x64
		{8C53EC39-4B27-3DE3-998F-C9D0442EB9FF}.Profile|x64.Build.0 = Profile|x64
		{8C53EC39-4B27-3DE3-998F-C9D0442EB9FF}.Release|x64.ActiveCfg = Release|x64
		{8C53EC39-4B27-3DE3-998F-C9D0442EB9FF}.Release|x64.Build.0 = Release|x64
		{8C53EC39-4B27-3DE3-998F-C9D0442EB9FF}.RelWithDebInfo|x64.ActiveCfg = Release|x64
		{8C53EC39-4B27-3DE3-998F-C9D0442EB9FF}.RelWithDebInfo|x64.Build.0 = Release|x64
		{24C68825-6540-3C0B-AA6F-8737FAEE3EB2}.Debug|x64.ActiveCfg = Debug|x64
		{24C68825-6540-3C0B-AA6F-8737FAEE3EB2}.Debug|x64.Build.0 = Debug|x64
		{24C68825-6540-3C0B-AA6F-8737FAEE3EB2}.MinSizeRel|x64.ActiveCfg = Release|x64
		{24C68825-6540-3C0B-AA6F-8737FAEE3EB2}.MinSizeRel|x64.Build.0 = Release|x64
		{24C68825-6540-3C0B-AA6F-8737FAEE3EB2}.Profile|x64.ActiveCfg = Profile|x64
		{24C68825-6540-3C0B-AA6F-8737FAEE3EB2}.Profile|x64.Build.0 = Profile|x64
		{24C68825-6540-3C0B-AA6F-8737FAEE3EB2}.Release|x64.ActiveCfg = Release|x64
		{24C68825-6540-3C0B-AA6F-8737FAEE3EB2}.Release|x64.Build.0 = Release|x64
		{24C68825-6540-3C0B-AA6F-8737FAEE3EB2}.RelWithDebInfo|x64.ActiveCfg = Release|x64
		{24C68825-6540-3C0B-AA6F-8737FAEE3EB2}.RelWithDebInfo|x64.Build.0 = Release|x64
		{2F5A2AA2-13CC-31F1-8572-EE9994BD3B15}.Debug|x64.ActiveCfg = Debug|x64
		{2F5A2AA2-13CC-31F1-8572-EE9994BD3B15}.Debug|x64.Build.0 = Debug|x64
		{2F5A2AA2-13CC-31F1-8572-EE9994BD3B15}.MinSizeRel|x64.ActiveCfg = Release|x64
		{2F5A2AA2-13CC-31F1-8572-EE9994BD3B15}.MinSizeRel|x64.Build.0 = Release|x64
		{2F5A2AA2-13CC-31F1-8572-EE9994BD3B15}.Profile|x64.ActiveCfg = Profile|x64
		{2F5A2AA2-13CC-31F1-8572-EE9994BD3B15}.Profile|x64.Build.0 = Profile|x64
		{2F5A2AA2-13CC-31F1-8572-EE9994BD3B15}.Release|x64.ActiveCfg = Release|x64
		{2F5A2AA2-13CC-31F1-8572-EE9994BD3B15}.Release|x64.Build.0 = Release|x64
		{2F5A2AA2-13CC-31F1-8572-EE9994BD3B15}.RelWithDebInfo|x64.ActiveCfg = Release|x64
		{2F5A2AA2-13CC-31F1-8572-EE9994BD3B15}.RelWithDebInfo|x64.Build.0 = Release|x64
		{A497C785-3A16-33CF-BBA6-46C4B63F6F9D}.Debug|x64.ActiveCfg = Debug|x64
		{A497C785-3A16-33CF-BBA6-46C4B63F6F9D}.Debug|x64.Build.0 = Debug|x64
		{A497C785-3A16-33CF-BBA6-46C4B63F6F9D}.MinSizeRel|x64.ActiveCfg = Release|x64
		{A497C785-3A16-33CF-BBA6-46C4B63F6F9D}.MinSizeRel|x64.Build.0 = Release|x64
		{A497C785-3A16-33CF-BBA6-46C4B63F6F9D}.Profile|x64.ActiveCfg = Profile|x64
		{A497C785-3A16-33CF-BBA6-46C4B63F6F9D}.Profile|x64.Build.0 = Profile|x64
		{A497C785-3A16-33CF-BBA6-46C4B63F6F9D}.Release|x64.ActiveCfg = Release|x64
		{A497C785-3A16-33CF-BBA6-46C4B63F6F9D}.Release|x64.Build.0 = Release|x64
		{A497C785-3A16-33CF-BBA6-46C4B63F6F9D}.RelWithDebInfo|x64.ActiveCfg = Release|x64
		{A497C785-3A16-33CF-BBA6-46C4B63F6F9D}.RelWithDebInfo|x64.Build.0 = Release|x64
		{46764FD3-872E-3E3D-9174-E4358BC7C58B}.Debug|x64.ActiveCfg = Debug|x64
		{46764FD3-872E-3E3D-9174-E4358BC7C58B}.Debug|x64.Build.0 = Debug|x64
		{46764FD3-872E-3E3D-9174-E4358BC7C58B}.MinSizeRel|x64.ActiveCfg = Release|x64
		{46764FD3-872E-3E3D-9174-E4358BC7C58B}.MinSizeRel|x64.Build.0 = Release|x64
		{46764FD3-872E-3E3D-9174-E4358BC7C58B}.Profile|x64.ActiveCfg = Profile|x64
		{46764FD3-872E-3E3D-9174-E4358BC7C58B}.Profile|x64.Build.0 = Profile|x64
		{46764FD3-872E-3E3D-9174-E4358BC7C58B}.Release|x64.ActiveCfg = Release|x64
		{46764FD3-872E-3E3D-9174-E4358BC7C58B}.Release|x64.Build.0 = Release|x64
		{46764FD3-872E-3E3D-9174-E4358BC7C58B}.RelWithDebInfo|x64.ActiveCfg = Release|x64
		{46764FD3-872E-3E3D-9174-E4358BC7C58B}.RelWithDebInfo|x64.Build.0 = Release|x64
		{CD6ABC53-053A-3E51-8699-596281578722}.Debug|x64.ActiveCfg = Debug|x64
		{CD6ABC53-053A-3E51-8699-596281578722}.Debug|x64.Build.0 = Debug|x64
		{CD6ABC53-053A-3E51-8699-596281578722}.MinSizeRel|x64.ActiveCfg = Release|x64
		{CD6ABC53-053A-3E51-8699-596281578722}.MinSizeRel|x64.Build.0 = Release|x64
		{CD6ABC53-053A-3E51-8699-596281578722}.Profile|x64.ActiveCfg = Profile|x64
		{CD6ABC53-053A-3E51-8699-596281578722}.Profile|x64.Build.0 = Profile|x64
		{CD6ABC53-053A-3E51-8699-596281578722}.Release|x64.ActiveCfg = Release|x64
		{CD6ABC53-053A-3E51-8699-596281578722}.Release|x64.Build.0 = Release|x64
		{CD6ABC53-053A-3E51-8699-596281578722}.RelWithDebInfo|x64.ActiveCfg = Release|x64
		{CD6ABC53-053A-3E51-8699-596281578722}.RelWithDebInfo|x64.Build.0 = Release|x64
		{684B8905-7A96-390C-BA2B-3E2A56406CFB}.Debug|x64.ActiveCfg = Debug|x64
		{684B8905-7A96-390C-BA2B-3E2A56406CFB}.Debug|x64.Build.0 = Debug|x64
		{684B8905-7A96-390C-BA2B-3E2A56406CFB}.MinSizeRel|x64.ActiveCfg = Release|x64
		{684B8905-7A96-390C-BA2B-3E2A56406CFB}.MinSizeRel|x64.Build.0 = Release|x64
		{684B8905-7A96-390C-BA2B-3E2A56406CFB}.Profile|x64.ActiveCfg = Profile|x64
		{684B8905-7A96-390C-BA2B-3E2A56406CFB}.Profile|x64.Build.0 = Profile|x64
		{684B8905-7A96-390C-BA2B-3E2A56406CFB}.Release|x64.ActiveCfg = Release|x64
		{684B8905-7A96-390C-BA2B-3E2A56406CFB}.Release|x64.Build.0 = Release|x64
		{684B8905-7A96-390C-BA2B-3E2A56406CFB}.RelWithDebInfo|x64.ActiveCfg = Release|x64
		{684B8905-7A96-390C-BA2B-3E2A56406CFB}.RelWithDebInfo|x64.Build.0 = Release|x64
		{194F892D-84D3-3989-AFC9-39B9FE3213D3}.Debug|x64.ActiveCfg = Debug|x64
		{194F892D-84D3-3989-AFC9-39B9FE3213D3}.Debug|x64.Build.0 = Debug|x64
		{194F892D-84D3-3989-AFC9-39B9FE3213D3}.MinSizeRel|x64.ActiveCfg = Release|x64
		{194F892D-84D3-3989-AFC9-39B9FE3213D3}.MinSizeRel|x64.Build.0 = Release|x64
		{194F892D-84D3-3989-AFC9-39B9FE3213D3}.Profile|x64.ActiveCfg = Profile|x64
		{194F892D-84D3-3989-AFC9-39B9FE3213D3}.Profile|x64.Build.0 = Profile|x64
		{194F892D-84D3-3989-AFC9-39B9FE3213D3}.Release|x64.ActiveCfg = Release|x64
		{194F892D-84D3-3989-AFC9-39B9FE3213D3}.Release|x64.Build.0 = Release|x64
		{194F892D-84D3-3989-AFC9-39B9FE3213D3}.RelWithDebInfo|x64.ActiveCfg = Release|x64
		{194F892D-84D3-3989-AFC9-39B9FE3213D3}.RelWithDebInfo|x64.Build.0 = Release|x64
		{C4056675-BCEA-372E-9AA0-8677870D1287}.Debug|x64.ActiveCfg = Debug|x64
		{C4056675-BCEA-372E-9AA0-8677870D1287}.Debug|x64.Build.0 = Debug|x64
		{C4056675-BCEA-372E-9AA0-8677870D1287}.MinSizeRel|x64.ActiveCfg = Release|x64
		{C4056675-BCEA-372E-9AA0-8677870D1287}.MinSizeRel|x64.Build.0 = Release|x64
		{C4056675-BCEA-372E-9AA0-8677870D1287}.Profile|x64.ActiveCfg = Profile|x64
		{C4056675-BCEA-372E-9AA0-8677870D1287}.Profile|x64.Build.0 = Profile|x64
		{C4056675-BCEA-372E-9AA0-8677870D1287}.Release|x64.ActiveCfg = Release|x64
		{C4056675-BCEA-372E-9AA0-8677870D1287}.Release|x64.Build.0 = Release|x64
		{C4056675-BCEA-372E-9AA0-8677870D1287}.RelWithDebInfo|x64.ActiveCfg = Release|x64
		{C4056675-BCEA-372E-9AA0-8677870D1287}.RelWithDebInfo|x64.Build.0 = Release|x64
		{DD4D982E-813D-3E86-A5B0-FC743B76D68B}.Debug|x64.ActiveCfg = Debug|x64
		{DD4D982E-813D-3E86-A5B0-FC743B76D68B}.Debug|x64.Build.0 = Debug|x64
		{DD4D982E-813D-3E86-A5B0-FC743B76D68B}.MinSizeRel|x64.ActiveCfg = Release|x64
		{DD4D982E-813D-3E86-A5B0-FC743B76D68B}.MinSizeRel|x64.Build.0 = Release|x64
		{DD4D982E-813D-3E86-A5B0-FC743B76D68B}.Profile|x64.ActiveCfg = Profile|x64
		{DD4D982E-813D-3E86-A5B0-FC743B76D68B}.Profile|x64.Build.0 = Profile|x64
		{DD4D982E-813D-3E86-A5B0-FC743B76D68B}.Release|x64.ActiveCfg = Release|x64
		{DD4D982E-813D-3E86-A5B0-FC743B76D68B}.Release|x64.Build.0 = Release|x64
		{DD4D982E-813D-3E86-A5B0-FC743B76D68B}.RelWithDebInfo|x64.ActiveCfg = Release|x64
		{DD4D982E-813D-3E86-A5B0-FC743B76D68B}.RelWithDebInfo|x64.Build.0 = Release|x64
		{8FA47EFC-5508-36B4-B5FD-3CE3A7152ADD}.Debug|x64.ActiveCfg = Debug|x64
		{8FA47EFC-5508-36B4-B5FD-3CE3A7152ADD}.Debug|x64.Build.0 = Debug|x64
		{8FA47EFC-5508-36B4-B5FD-3CE3A7152ADD}.MinSizeRel|x64.ActiveCfg = Release|x64
		{8FA47EFC-5508-36B4-B5FD-3CE3A7152ADD}.MinSizeRel|x64.Build.0 = Release|x64
		{8FA47EFC-5508-36B4-B5FD-3CE3A7152ADD}.Profile|x64.ActiveCfg = Profile|x64
		{8FA47EFC-5508-36B4-B5FD-3CE3A7152ADD}.Profile|x64.Build.0 = Profile|x64
		{8FA47EFC-5508-36B4-B5FD-3CE3A7152ADD}.Release|x64.ActiveCfg = Release|x64
		{8FA47EFC-5508-36B4-B5FD-3CE3A7152ADD}.Release|x64.Build.0 = Release|x64
		{8FA47EFC-5508-36B4-B5FD-3CE3A7152ADD}.RelWithDebInfo|x64.ActiveCfg = Release|x64
		{8FA47EFC-5508-36B4-B5FD-3CE3A7152ADD}.RelWithDebInfo|x64.Build.0 = Release|x64
		{82D22322-BBB8-3F22-8E2C-781BB1B753E5}.Debug|x64.ActiveCfg = Debug|x64
		{82D22322-BBB8-3F22-8E2C-781BB1B753E5}.Debug|x64.Build.0 = Debug|x64
		{82D22322-BBB8-3F22-8E2C-781BB1B753E5}.MinSizeRel|x64.ActiveCfg = Release|x64
		{82D22322-BBB8-3F22-8E2C-781BB1B753E5}.MinSizeRel|x64.Build.0 = Release|x64
		{82D22322-BBB8-3F22-8E2C-781BB1B753E5}.Profile|x64.ActiveCfg = Profile|x64
		{82D22322-BBB8-3F22-8E2C-781BB1B753E5}.Profile|x64.Build.0 = Profile|x64
		{82D22322-BBB8-3F22-8E2C-781BB1B753E5}.Release|x64.ActiveCfg = Release|x64
		{82D22322-BBB8-3F22-8E2C-781BB1B753E5}.Release|x64.Build.0 = Release|x64
		{82D22322-BBB8-3F22-8E2C-781BB1B753E5}.RelWithDebInfo|x64.ActiveCfg = Release|x64
		{82D22322-BBB8-3F22-8E2C-781BB1B753E5}.RelWithDebInfo|x64.Build.0 = Release|x64
		{E28642A7-234C-363A-8C0B-1C1379085A32}.Debug|x64.ActiveCfg = Debug|x64
		{E28642A7-234C-363A-8C0B-1C1379085A32}.Debug|x64.Build.0 = Debug|x64
		{E28642A7-234C-363A-8C0B-1C1379085A32}.MinSizeRel|x64.ActiveCfg = Release|x64
		{E28642A7-234C-363A-8C0B-1C1379085A32}.MinSizeRel|x64.Build.0 = Release|x64
		{E28642A7-234C-363A-8C0B-1C1379085A32}.Profile|x64.ActiveCfg = Profile|x64
		{E28642A7-234C-363A-8C0B-1C1379085A32}.Profile|x64.Build.0 = Profile|x64
		{E28642A7-234C-363A-8C0B-1C1379085A32}.Release|x64.ActiveCfg = Release|x64
		{E28642A7-234C-363A-8C0B-1C1379085A32}.Release|x64.Build.0 = Release|x64
		{E28642A7-234C-363A-8C0B-1C1379085A32}.RelWithDebInfo|x64.ActiveCfg = Release|x64
		{E28642A7-234C-363A-8C0B-1C1379085A32}.RelWithDebInfo|x64.Build.0 = Release|x64
		{FA0837B3-0F07-33CF-A903-711A0297B44E}.Debug|x64.ActiveCfg = Debug|x64
		{FA0837B3-0F07-33CF-A903-711A0297B44E}.Debug|x64.Build.0 = Debug|x64
		{FA0837B3-0F07-33CF-A903-711A0297B44E}.MinSizeRel|x64.ActiveCfg = Release|x64
		{FA0837B3-0F07-33CF-A903-711A0297B44E}.MinSizeRel|x64.Build.0 = Release|x64
		{FA0837B3-0F07-33CF-A903-711A0297B44E}.Profile|x64.ActiveCfg = Profile|x64
		{FA0837B3-0F07-33CF-A903-711A0297B44E}.Profile|x64.Build.0 = Profile|x64
		{FA0837B3-0F07-33CF-A903-711A0297B44E}.Release|x64.ActiveCfg = Release|x64
		{FA0837B3-0F07-33CF-A903-711A0297B44E}.Release|x64.Build.0 = Release|x64
		{FA0837B3-0F07-33CF-A903-711A0297B44E}.RelWithDebInfo|x64.ActiveCfg = Release|x64
		{FA0837B3-0F07-33CF-A903-711A0297B44E}.RelWithDebInfo|x64.Build.0 = Release|x64
		{D8279431-B88C-3730-8EB6-D2B4BABD184E}.Debug|x64.ActiveCfg = Debug|x64
		{D8279431-B88C-3730-8EB6-D2B4BABD184E}.Debug|x64.Build.0 = Debug|x64
		{D8279431-B88C-3730-8EB6-D2B4BABD184E}.MinSizeRel|x64.ActiveCfg = Release|x64
		{D8279431-B88C-3730-8EB6-D2B4BABD184E}.MinSizeRel|x64.Build.0 = Release|x64
		{D8279431-B88C-3730-8EB6-D2B4BABD184E}.Profile|x64.ActiveCfg = Profile|x64
		{D8279431-B88C-3730-8EB6-D2B4BABD184E}.Profile|x64.Build.0 = Profile|x64
		{D8279431-B88C-3730-8EB6-D2B4BABD184E}.Release|x64.ActiveCfg = Release|x64
		{D8279431-B88C-3730-8EB6-D2B4BABD184E}.Release|x64.Build.0 = Release|x64
		{D8279431-B88C-3730-8EB6-D2B4BABD184E}.RelWithDebInfo|x64.ActiveCfg = Release|x64
		{D8279431-B88C-3730-8EB6-D2B4BABD184E}.RelWithDebInfo|x64.Build.0 = Release|x64
		{20A4944F-A785-35D8-9CF9-FB527E04AC4C}.Debug|x64.ActiveCfg = Debug|x64
		{20A4944F-A785-35D8-9CF9-FB527E04AC4C}.Debug|x64.Build.0 = Debug|x64
		{20A4944F-A785-35D8-9CF9-FB527E04AC4C}.MinSizeRel|x64.ActiveCfg = Release|x64
		{20A4944F-A785-35D8-9CF9-FB527E04AC4C}.MinSizeRel|x64.Build.0 = Release|x64
		{20A4944F-A785-35D8-9CF9-FB527E04AC4C}.Profile|x64.ActiveCfg = Profile|x64
		{20A4944F-A785-35D8-9CF9-FB527E04AC4C}.Profile|x64.Build.0 = Profile|x64
		{20A4944F-A785-35D8-9CF9-FB527E04AC4C}.Release|x64.ActiveCfg = Release|x64
		{20A4944F-A785-35D8-9CF9-FB527E04AC4C}.Release|x64.Build.0 = Release|x64
		{20A4944F-A785-35D8-9CF9-FB527E04AC4C}.RelWithDebInfo|x64.ActiveCfg = Release|x64
		{20A4944F-A785-35D8-9CF9-FB527E04AC4C}.RelWithDebInfo|x64.Build.0 = Release|x64
		{B9E261FC-6E52-3B6C-B63A-EA822D429F2C}.Debug|x64.ActiveCfg = Debug|x64
		{B9E261FC-6E52-3B6C-B63A-EA822D429F2C}.Debug|x64.Build.0 = Debug|x64
		{B9E261FC-6E52-3B6C-B63A-EA822D429F2C}.MinSizeRel|x64.ActiveCfg = Release|x64
		{B9E261FC-6E52-3B6C-B63A-EA822D429F2C}.MinSizeRel|x64.Build.0 = Release|x64
		{B9E261FC-6E52-3B6C-B63A-EA822D429F2C}.Profile|x64.ActiveCfg = Profile|x64
		{B9E261FC-6E52-3B6C-B63A-EA822D429F2C}.Profile|x64.Build.0 = Profile|x64
		{B9E261FC-6E52-3B6C-B63A-EA822D429F2C}.Release|x64.ActiveCfg = Release|x64
		{B9E261FC-6E52-3B6C-B63A-EA822D429F2C}.Release|x64.Build.0 = Release|x64
		{B9E261FC-6E52-3B6C-B63A-EA822D429F2C}.RelWithDebInfo|x64.ActiveCfg = Release|x64
		{B9E261FC-6E52-3B6C-B63A-EA822D429F2C}.RelWithDebInfo|x64.Build.0 = Release|x64
		{DD3F48D4-EE91-36B5-9408-2BFECB86E011}.Debug|x64.ActiveCfg = Debug|x64
		{DD3F48D4-EE91-36B5-9408-2BFECB86E011}.Debug|x64.Build.0 = Debug|x64
		{DD3F48D4-EE91-36B5-9408-2BFECB86E011}.MinSizeRel|x64.ActiveCfg = Release|x64
		{DD3F48D4-EE91-36B5-9408-2BFECB86E011}.MinSizeRel|x64.Build.0 = Release|x64
		{DD3F48D4-EE91-36B5-9408-2BFECB86E011}.Profile|x64.ActiveCfg = Profile|x64
		{DD3F48D4-EE91-36B5-9408-2BFECB86E011}.Profile|x64.Build.0 = Profile|x64
		{DD3F48D4-EE91-36B5-9408-2BFECB86E011}.Release|x64.ActiveCfg = Release|x64
		{DD3F48D4-EE91-36B5-9408-2BFECB86E011}.Release|x64.Build.0 = Release|x64
		{DD3F48D4-EE91-36B5-9408-2BFECB86E011}.RelWithDebInfo|x64.ActiveCfg = Release|x64
		{DD3F48D4-EE91-36B5-9408-2BFECB86E011}.RelWithDebInfo|x64.Build.0 = Release|x64
		{BB5E2A26-ECBB-3128-A50D-F04B503E5B85}.Debug|x64.ActiveCfg = Debug|x64
		{BB5E2A26-ECBB-3128-A50D-F04B503E5B85}.Debug|x64.Build.0 = Debug|x64
		{BB5E2A26-ECBB-3128-A50D-F04B503E5B85}.MinSizeRel|x64.ActiveCfg = Release|x64
		{BB5E2A26-ECBB-3128-A50D-F04B503E5B85}.MinSizeRel|x64.Build.0 = Release|x64
		{BB5E2A26-ECBB-3128-A50D-F04B503E5B85}.Profile|x64.ActiveCfg = Profile|x64
		{BB5E2A26-ECBB-3128-A50D-F04B503E5B85}.Profile|x64.Build.0 = Profile|x64
		{BB5E2A26-ECBB-3128-A50D-F04B503E5B85}.Release|x64.ActiveCfg = Release|x64
		{BB5E2A26-ECBB-3128-A50D-F04B503E5B85}.Release|x64.Build.0 = Release|x64
		{BB5E2A26-ECBB-3128-A50D-F04B503E5B85}.RelWithDebInfo|x64.ActiveCfg = Release|x64
		{BB5E2A26-ECBB-3128-A50D-F04B503E5B85}.RelWithDebInfo|x64.Build.0 = Release|x64
		{E33FB092-D593-383B-80C5-C79DA5BBF28F}.Debug|x64.ActiveCfg = Debug|x64
		{E33FB092-D593-383B-80C5-C79DA5BBF28F}.Debug|x64.Build.0 = Debug|x64
		{E33FB092-D593-383B-80C5-C79DA5BBF28F}.MinSizeRel|x64.ActiveCfg = Release|x64
		{E33FB092-D593-383B-80C5-C79DA5BBF28F}.MinSizeRel|x64.Build.0 = Release|x64
		{E33FB092-D593-383B-80C5-C79DA5BBF28F}.Profile|x64.ActiveCfg = Profile|x64
		{E33FB092-D593-383B-80C5-C79DA5BBF28F}.Profile|x64.Build.0 = Profile|x64
		{E33FB092-D593-383B-80C5-C79DA5BBF28F}.Release|x64.ActiveCfg = Release|x64
		{E33FB092-D593-383B-80C5-C79DA5BBF28F}.Release|x64.Build.0 = Release|x64
		{E33FB092-D593-383B-80C5-C79DA5BBF28F}.RelWithDebInfo|x64.ActiveCfg = Release|x64
		{E33FB092-D593-383B-80C5-C79DA5BBF28F}.RelWithDebInfo|x64.Build.0 = Release|x64
		{64E6C022-3F75-3D83-9704-8DA7A42EDB5A}.Debug|x64.ActiveCfg = Debug|x64
		{64E6C022-3F75-3D83-9704-8DA7A42EDB5A}.Debug|x64.Build.0 = Debug|x64
		{64E6C022-3F75-3D83-9704-8DA7A42EDB5A}.MinSizeRel|x64.ActiveCfg = Release|x64
		{64E6C022-3F75-3D83-9704-8DA7A42EDB5A}.MinSizeRel|x64.Build.0 = Release|x64
		{64E6C022-3F75-3D83-9704-8DA7A42EDB5A}.Profile|x64.ActiveCfg = Profile|x64
		{64E6C022-3F75-3D83-9704-8DA7A42EDB5A}.Profile|x64.Build.0 = Profile|x64
		{64E6C022-3F75-3D83-9704-8DA7A42EDB5A}.Release|x64.ActiveCfg = Release|x64
		{64E6C022-3F75-3D83-9704-8DA7A42EDB5A}.Release|x64.Build.0 = Release|x64
		{64E6C022-3F75-3D83-9704-8DA7A42EDB5A}.RelWithDebInfo|x64.ActiveCfg = Release|x64
		{64E6C022-3F75-3D83-9704-8DA7A42EDB5A}.RelWithDebInfo|x64.Build.0 = Release|x64
		{BB651AE7-FCF2-386D-93D0-740368B17B0D}.Debug|x64.ActiveCfg = Debug|x64
		{BB651AE7-FCF2-386D-93D0-740368B17B0D}.Debug|x64.Build.0 = Debug|x64
		{BB651AE7-FCF2-386D-93D0-740368B17B0D}.MinSizeRel|x64.ActiveCfg = Release|x64
		{BB651AE7-FCF2-386D-93D0-740368B17B0D}.MinSizeRel|x64.Build.0 = Release|x64
		{BB651AE7-FCF2-386D-93D0-740368B17B0D}.Profile|x64.ActiveCfg = Profile|x64
		{BB651AE7-FCF2-386D-93D0-740368B17B0D}.Profile|x64.Build.0 = Profile|x64
		{BB651AE7-FCF2-386D-93D0-740368B17B0D}.Release|x64.ActiveCfg = Release|x64
		{BB651AE7-FCF2-386D-93D0-740368B17B0D}.Release|x64.Build.0 = Release|x64
		{BB651AE7-FCF2-386D-93D0-740368B17B0D}.RelWithDebInfo|x64.ActiveCfg = Release|x64
		{BB651AE7-FCF2-386D-93D0-740368B17B0D}.RelWithDebInfo|x64.Build.0 = Release|x64
		{31AE19E6-7B75-3892-822F-A62D2006F82E}.Debug|x64.ActiveCfg = Debug|x64
		{31AE19E6-7B75-3892-822F-A62D2006F82E}.Debug|x64.Build.0 = Debug|x64
		{31AE19E6-7B75-3892-822F-A62D2006F82E}.MinSizeRel|x64.ActiveCfg = Release|x64
		{31AE19E6-7B75-3892-822F-A62D2006F82E}.MinSizeRel|x64.Build.0 = Release|x64
		{31AE19E6-7B75-3892-822F-A62D2006F82E}.Profile|x64.ActiveCfg = Profile|x64
		{31AE19E6-7B75-3892-822F-A62D2006F82E}.Profile|x64.Build.0 = Profile|x64
		{31AE19E6-7B75-3892-822F-A62D2006F82E}.Release|x64.ActiveCfg = Release|x64
		{31AE19E6-7B75-3892-822F-A62D2006F82E}.Release|x64.Build.0 = Release|x64
		{31AE19E6-7B75-3892-822F-A62D2006F82E}.RelWithDebInfo|x64.ActiveCfg = Release|x64
		{31AE19E6-7B75-3892-822F-A62D2006F82E}.RelWithDebInfo|x64.Build.0 = Release|x64
		{8CDB5592-B4DB-37DE-BC7D-A557C34D7653}.Debug|x64.ActiveCfg = Debug|x64
		{8CDB5592-B4DB-37DE-BC7D-A557C34D7653}.Debug|x64.Build.0 = Debug|x64
		{8CDB5592-B4DB-37DE-BC7D-A557C34D7653}.MinSizeRel|x64.ActiveCfg = Release|x64
		{8CDB5592-B4DB-37DE-BC7D-A557C34D7653}.MinSizeRel|x64.Build.0 = Release|x64
		{8CDB5592-B4DB-37DE-BC7D-A557C34D7653}.Profile|x64.ActiveCfg = Profile|x64
		{8CDB5592-B4DB-37DE-BC7D-A557C34D7653}.Profile|x64.Build.0 = Profile|x64
		{8CDB5592-B4DB-37DE-BC7D-A557C34D7653}.Release|x64.ActiveCfg = Release|x64
		{8CDB5592-B4DB-37DE-BC7D-A557C34D7653}.Release|x64.Build.0 = Release|x64
		{8CDB5592-B4DB-37DE-BC7D-A557C34D7653}.RelWithDebInfo|x64.ActiveCfg = Release|x64
		{8CDB5592-B4DB-37DE-BC7D-A557C34D7653}.RelWithDebInfo|x64.Build.0 = Release|x64
	EndGlobalSection
	GlobalSection(SolutionProperties) = preSolution
		HideSolutionNode = FALSE
	EndGlobalSection
	GlobalSection(NestedProjects) = preSolution
		{48D299B4-D68E-321C-B53B-66E7151E357E} = {95E6869F-719F-3C92-9878-174C208A4C9D}
		{D999B0DF-3CEC-3A41-94D9-BBA4DC326C96} = {95E6869F-719F-3C92-9878-174C208A4C9D}
		{E4172B9B-F0ED-3214-ABC9-375A454FD231} = {95E6869F-719F-3C92-9878-174C208A4C9D}
		{1A54CB65-DF3B-3CFB-9327-E6ECB329FC7C} = {95E6869F-719F-3C92-9878-174C208A4C9D}
		{2836CC01-9D52-3CEC-8CEB-9BC239C8EC22} = {95E6869F-719F-3C92-9878-174C208A4C9D}
		{95883151-809E-3E1F-8E9A-1E4CD3AB1374} = {95E6869F-719F-3C92-9878-174C208A4C9D}
		{D5139645-0B87-3898-9128-59F9DF70D10C} = {95E6869F-719F-3C92-9878-174C208A4C9D}
		{4FAF69E0-BBDF-3A69-A093-59BB98CFEE37} = {95E6869F-719F-3C92-9878-174C208A4C9D}
		{45736497-6D52-34A6-B6A9-55923A9B69B2} = {95E6869F-719F-3C92-9878-174C208A4C9D}
		{4A22AA1A-1EB5-3A9B-95CF-E5EDB27EBB2E} = {95E6869F-719F-3C92-9878-174C208A4C9D}
		{A333E891-0260-3FCE-8A8A-943275BB629E} = {04F06960-CA41-3598-96A0-21AE3E63138A}
		{94EF89FB-E6D4-3824-9301-55E2949A7329} = {95E6869F-719F-3C92-9878-174C208A4C9D}
		{E3F30317-EED7-3EAA-A1AF-824110535545} = {95E6869F-719F-3C92-9878-174C208A4C9D}
		{03030C41-AAC6-36C6-BFDC-54C8B413C5C2} = {95E6869F-719F-3C92-9878-174C208A4C9D}
		{7A83EE4D-DA63-3098-9971-1D69B82865D2} = {95E6869F-719F-3C92-9878-174C208A4C9D}
		{9BC27798-C83F-3515-92F0-5E796989EA2A} = {95E6869F-719F-3C92-9878-174C208A4C9D}
		{C6C00F71-C594-3DD7-8639-67C474736444} = {95E6869F-719F-3C92-9878-174C208A4C9D}
		{E1E843EF-899C-3368-83D4-D8B716B8711A} = {2629BCB9-F4C3-39D5-8A51-7EC36ACE9B05}
		{D698CC0F-82D2-3E54-A68E-E5078A9C4DCE} = {2563A04E-6076-34B6-B8A0-C7DD6D85BB22}
		{E0EA0459-E31D-347E-BABE-1DD38B017201} = {2629BCB9-F4C3-39D5-8A51-7EC36ACE9B05}
		{E93C0949-62D1-3EBB-8D51-45418241B4B7} = {2563A04E-6076-34B6-B8A0-C7DD6D85BB22}
		{8C53EC39-4B27-3DE3-998F-C9D0442EB9FF} = {2563A04E-6076-34B6-B8A0-C7DD6D85BB22}
		{24C68825-6540-3C0B-AA6F-8737FAEE3EB2} = {2563A04E-6076-34B6-B8A0-C7DD6D85BB22}
		{2F5A2AA2-13CC-31F1-8572-EE9994BD3B15} = {2563A04E-6076-34B6-B8A0-C7DD6D85BB22}
		{A497C785-3A16-33CF-BBA6-46C4B63F6F9D} = {2563A04E-6076-34B6-B8A0-C7DD6D85BB22}
		{46764FD3-872E-3E3D-9174-E4358BC7C58B} = {2563A04E-6076-34B6-B8A0-C7DD6D85BB22}
		{CD6ABC53-053A-3E51-8699-596281578722} = {2563A04E-6076-34B6-B8A0-C7DD6D85BB22}
		{684B8905-7A96-390C-BA2B-3E2A56406CFB} = {2563A04E-6076-34B6-B8A0-C7DD6D85BB22}
		{194F892D-84D3-3989-AFC9-39B9FE3213D3} = {2563A04E-6076-34B6-B8A0-C7DD6D85BB22}
		{C4056675-BCEA-372E-9AA0-8677870D1287} = {2563A04E-6076-34B6-B8A0-C7DD6D85BB22}
		{DD4D982E-813D-3E86-A5B0-FC743B76D68B} = {2563A04E-6076-34B6-B8A0-C7DD6D85BB22}
		{8FA47EFC-5508-36B4-B5FD-3CE3A7152ADD} = {2563A04E-6076-34B6-B8A0-C7DD6D85BB22}
		{82D22322-BBB8-3F22-8E2C-781BB1B753E5} = {2563A04E-6076-34B6-B8A0-C7DD6D85BB22}
		{E28642A7-234C-363A-8C0B-1C1379085A32} = {2563A04E-6076-34B6-B8A0-C7DD6D85BB22}
		{FA0837B3-0F07-33CF-A903-711A0297B44E} = {2563A04E-6076-34B6-B8A0-C7DD6D85BB22}
		{D8279431-B88C-3730-8EB6-D2B4BABD184E} = {2563A04E-6076-34B6-B8A0-C7DD6D85BB22}
		{20A4944F-A785-35D8-9CF9-FB527E04AC4C} = {2563A04E-6076-34B6-B8A0-C7DD6D85BB22}
		{B9E261FC-6E52-3B6C-B63A-EA822D429F2C} = {5192B1EA-7DE7-3D7A-A60D-2E29F0DF3AD0}
		{DD3F48D4-EE91-36B5-9408-2BFECB86E011} = {5192B1EA-7DE7-3D7A-A60D-2E29F0DF3AD0}
		{BB5E2A26-ECBB-3128-A50D-F04B503E5B85} = {5192B1EA-7DE7-3D7A-A60D-2E29F0DF3AD0}
		{E33FB092-D593-383B-80C5-C79DA5BBF28F} = {5192B1EA-7DE7-3D7A-A60D-2E29F0DF3AD0}
		{64E6C022-3F75-3D83-9704-8DA7A42EDB5A} = {5192B1EA-7DE7-3D7A-A60D-2E29F0DF3AD0}
		{BB651AE7-FCF2-386D-93D0-740368B17B0D} = {5192B1EA-7DE7-3D7A-A60D-2E29F0DF3AD0}
		{31AE19E6-7B75-3892-822F-A62D2006F82E} = {5192B1EA-7DE7-3D7A-A60D-2E29F0DF3AD0}
		{8CDB5592-B4DB-37DE-BC7D-A557C34D7653} = {5192B1EA-7DE7-3D7A-A60D-2E29F0DF3AD0}
	EndGlobalSection
	GlobalSection(ExtensibilityGlobals) = postSolution
		SolutionGuid = {8B915AAA-89DD-4541-B0F7-20B34D45523B}
	EndGlobalSection
EndGlobal
