<?xml version="1.0" encoding="utf-8"?>
<Project ToolsVersion="15.0" xmlns="http://schemas.microsoft.com/developer/msbuild/2003">
  <ItemGroup>
    <Filter Include="Dll">
      <UniqueIdentifier>{7a38dd22-41ce-4635-a690-4ac067ea6f68}</UniqueIdentifier>
    </Filter>
    <Filter Include="EditorSpecific">
      <UniqueIdentifier>{57a671b5-4b0e-4687-9055-983b29e300d2}</UniqueIdentifier>
    </Filter>
    <Filter Include="Entities">
      <UniqueIdentifier>{42e0ef89-333a-4f27-b5a5-97acaf118537}</UniqueIdentifier>
    </Filter>
    <Filter Include="Entities\Gameplay">
      <UniqueIdentifier>{08828cfb-ea70-4eed-aaf1-13564ceb3f41}</UniqueIdentifier>
    </Filter>
    <Filter Include="Entities\Helpers">
      <UniqueIdentifier>{58903c27-8b60-4b03-b9f6-4c8e0d490ff4}</UniqueIdentifier>
    </Filter>
    <Filter Include="Entities\Lights">
      <UniqueIdentifier>{afbe3193-db18-403a-87ce-ee16f522d728}</UniqueIdentifier>
    </Filter>
    <Filter Include="Entities\Physics">
      <UniqueIdentifier>{2a1f8ff3-2a3e-4649-8623-b574a854bbfc}</UniqueIdentifier>
    </Filter>
    <Filter Include="Flownodes">
      <UniqueIdentifier>{8c29025b-e5bc-4cd4-9791-ed4b3f55099e}</UniqueIdentifier>
    </Filter>
    <Filter Include="Game">
      <UniqueIdentifier>{254cc497-b8c3-44ae-8a64-1d56fef9042d}</UniqueIdentifier>
    </Filter>
    <Filter Include="Player">
      <UniqueIdentifier>{62634ee2-247c-4ce1-b078-17cb47dd5043}</UniqueIdentifier>
    </Filter>
    <Filter Include="Player\Input">
      <UniqueIdentifier>{9b7a753a-a2e7-4234-ab9d-fe0ca392c788}</UniqueIdentifier>
    </Filter>
    <Filter Include="Player\Movement">
      <UniqueIdentifier>{5344cf43-fc88-4ce8-a0da-e21650af3d59}</UniqueIdentifier>
    </Filter>
    <Filter Include="Player\View">
      <UniqueIdentifier>{36301b75-3186-4032-8cba-54f5bc3e17aa}</UniqueIdentifier>
    </Filter>
    <Filter Include="Startup">
      <UniqueIdentifier>{f4d41d07-657b-427a-8a12-c5806d12a582}</UniqueIdentifier>
    </Filter>
  </ItemGroup>
  <ItemGroup>
    <ClCompile Include="..\..\..\..\Code\GameDll\RollingBall\Code\StdAfx.cpp">
      <Filter>Dll</Filter>
    </ClCompile>
    <ClCompile Include="..\..\..\..\Code\GameDll\RollingBall\Code\EditorSpecific\EditorGame.cpp">
      <Filter>EditorSpecific</Filter>
    </ClCompile>
    <ClCompile Include="..\..\..\..\Code\GameDll\RollingBall\Code\Entities\Gameplay\SpawnPoint.cpp">
      <Filter>Entities\Gameplay</Filter>
    </ClCompile>
    <ClCompile Include="..\..\..\..\Code\GameDll\RollingBall\Code\Entities\Helpers\NativeEntityBase.cpp">
      <Filter>Entities\Helpers</Filter>
    </ClCompile>
    <ClCompile Include="..\..\..\..\Code\GameDll\RollingBall\Code\Entities\Helpers\NativeEntityPropertyHandling.cpp">
      <Filter>Entities\Helpers</Filter>
    </ClCompile>
    <ClCompile Include="..\..\..\..\Code\GameDll\RollingBall\Code\Entities\Lights\LightEntity.cpp">
      <Filter>Entities\Lights</Filter>
    </ClCompile>
    <ClCompile Include="..\..\..\..\Code\GameDll\RollingBall\Code\Entities\Lights\EnvironmentProbe.cpp">
      <Filter>Entities\Lights</Filter>
    </ClCompile>
    <ClCompile Include="..\..\..\..\Code\GameDll\RollingBall\Code\Entities\Physics\RigidBody.cpp">
      <Filter>Entities\Physics</Filter>
    </ClCompile>
    <ClCompile Include="..\..\..\..\Code\GameDll\RollingBall\Code\FlowNodes\Helpers\FlowGameEntityNode.cpp">
      <Filter>Flownodes</Filter>
    </ClCompile>
    <ClCompile Include="..\..\..\..\Code\GameDll\RollingBall\Code\Game\Game.cpp">
      <Filter>Game</Filter>
    </ClCompile>
    <ClCompile Include="..\..\..\..\Code\GameDll\RollingBall\Code\Game\GameRules.cpp">
      <Filter>Game</Filter>
    </ClCompile>
    <ClCompile Include="..\..\..\..\Code\GameDll\RollingBall\Code\Game\GameFactory.cpp">
      <Filter>Game</Filter>
    </ClCompile>
    <ClCompile Include="..\..\..\..\Code\GameDll\RollingBall\Code\Player\Player.cpp">
      <Filter>Player</Filter>
    </ClCompile>
    <ClCompile Include="..\..\..\..\Code\GameDll\RollingBall\Code\Player\Input\PlayerInput.cpp">
      <Filter>Player\Input</Filter>
    </ClCompile>
    <ClCompile Include="..\..\..\..\Code\GameDll\RollingBall\Code\Player\Movement\PlayerMovement.cpp">
      <Filter>Player\Movement</Filter>
    </ClCompile>
    <ClCompile Include="..\..\..\..\Code\GameDll\RollingBall\Code\Player\View\PlayerView.cpp">
      <Filter>Player\View</Filter>
    </ClCompile>
    <ClCompile Include="..\..\..\..\Code\GameDll\RollingBall\Code\Startup\GameStartup.cpp">
      <Filter>Startup</Filter>
    </ClCompile>
  </ItemGroup>
  <ItemGroup>
    <ClInclude Include="..\..\..\..\Code\GameDll\RollingBall\Code\StdAfx.h">
      <Filter>Dll</Filter>
    </ClInclude>
    <ClInclude Include="..\..\..\..\Code\GameDll\RollingBall\Code\EditorSpecific\EditorGame.h">
      <Filter>EditorSpecific</Filter>
    </ClInclude>
    <ClInclude Include="..\..\..\..\Code\GameDll\RollingBall\Code\Entities\Gameplay\SpawnPoint.h">
      <Filter>Entities\Gameplay</Filter>
    </ClInclude>
    <ClInclude Include="..\..\..\..\Code\GameDll\RollingBall\Code\Entities\Helpers\NativeEntityPropertyHandling.h">
      <Filter>Entities\Helpers</Filter>
    </ClInclude>
    <ClInclude Include="..\..\..\..\Code\GameDll\RollingBall\Code\Entities\Helpers\ISimpleExtension.h">
      <Filter>Entities\Helpers</Filter>
    </ClInclude>
    <ClInclude Include="..\..\..\..\Code\GameDll\RollingBall\Code\Entities\Helpers\NativeEntityBase.h">
      <Filter>Entities\Helpers</Filter>
    </ClInclude>
    <ClInclude Include="..\..\..\..\Code\GameDll\RollingBall\Code\Entities\Lights\LightEntity.h">
      <Filter>Entities\Lights</Filter>
    </ClInclude>
    <ClInclude Include="..\..\..\..\Code\GameDll\RollingBall\Code\Entities\Lights\EnvironmentProbe.h">
      <Filter>Entities\Lights</Filter>
    </ClInclude>
    <ClInclude Include="..\..\..\..\Code\GameDll\RollingBall\Code\Entities\Physics\RigidBody.h">
      <Filter>Entities\Physics</Filter>
    </ClInclude>
    <ClInclude Include="..\..\..\..\Code\GameDll\RollingBall\Code\FlowNodes\Helpers\FlowGameEntityNode.h">
      <Filter>Flownodes</Filter>
    </ClInclude>
    <ClInclude Include="..\..\..\..\Code\GameDll\RollingBall\Code\FlowNodes\Helpers\FlowBaseNode.h">
      <Filter>Flownodes</Filter>
    </ClInclude>
    <ClInclude Include="..\..\..\..\Code\GameDll\RollingBall\Code\Game\GameRules.h">
      <Filter>Game</Filter>
    </ClInclude>
    <ClInclude Include="..\..\..\..\Code\GameDll\RollingBall\Code\Game\Game.h">
      <Filter>Game</Filter>
    </ClInclude>
    <ClInclude Include="..\..\..\..\Code\GameDll\RollingBall\Code\Game\GameFactory.h">
      <Filter>Game</Filter>
    </ClInclude>
    <ClInclude Include="..\..\..\..\Code\GameDll\RollingBall\Code\Player\Player.h">
      <Filter>Player</Filter>
    </ClInclude>
    <ClInclude Include="..\..\..\..\Code\GameDll\RollingBall\Code\Player\ISimpleActor.h">
      <Filter>Player</Filter>
    </ClInclude>
    <ClInclude Include="..\..\..\..\Code\GameDll\RollingBall\Code\Player\View\PlayerView.h">
      <Filter>Player\View</Filter>
    </ClInclude>
    <ClInclude Include="..\..\..\..\Code\GameDll\RollingBall\Code\Player\Movement\PlayerMovement.h">
      <Filter>Player\Movement</Filter>
    </ClInclude>
    <ClInclude Include="..\..\..\..\Code\GameDll\RollingBall\Code\Player\Input\PlayerInput.h">
      <Filter>Player\Input</Filter>
    </ClInclude>
    <ClInclude Include="..\..\..\..\Code\GameDll\RollingBall\Code\Startup\GameStartup.h">
      <Filter>Startup</Filter>
    </ClInclude>
  </ItemGroup>
</Project>